
Microsoft Visual Studio Solution File, Format Version 12.00
# Visual Studio Version 17
VisualStudioVersion = 17.6.33829.357
MinimumVisualStudioVersion = 10.0.40219.1
Project("{FAE04EC0-301F-11D3-BF4B-00C04F79EFBC}") = "CycleFlowGenerator", "CycleFlowGenerator\CycleFlowGenerator.csproj", "{279BE8F8-CE62-4F4D-AFBF-2785078399E8}"
EndProject
Global
	GlobalSection(SolutionConfigurationPlatforms) = preSolution
		Debug|Any CPU = Debug|Any CPU
		Release|Any CPU = Release|Any CPU
	EndGlobalSection
	GlobalSection(ProjectConfigurationPlatforms) = postSolution
		{279BE8F8-CE62-4F4D-AFBF-2785078399E8}.Debug|Any CPU.ActiveCfg = Debug|Any CPU
		{279BE8F8-CE62-4F4D-AFBF-2785078399E8}.Debug|Any CPU.Build.0 = Debug|Any CPU
		{279BE8F8-CE62-4F4D-AFBF-2785078399E8}.Release|Any CPU.ActiveCfg = Release|Any CPU
		{279BE8F8-CE62-4F4D-AFBF-2785078399E8}.Release|Any CPU.Build.0 = Release|Any CPU
	EndGlobalSection
	GlobalSection(SolutionProperties) = preSolution
		HideSolutionNode = FALSE
	EndGlobalSection
	GlobalSection(ExtensibilityGlobals) = postSolution
		SolutionGuid = {EFB687F5-E413-4703-A8AC-01B9075EF422}
	EndGlobalSection
EndGlobal
